
Microsoft Visual Studio Solution File, Format Version 12.00
# Visual Studio Version 17
VisualStudioVersion = 17.11.35219.272
MinimumVisualStudioVersion = 10.0.40219.1
Project("{FAE04EC0-301F-11D3-BF4B-00C04F79EFBC}") = "Livestock-Management-System", "Livestock-Management-System\Livestock-Management-System.csproj", "{20611A25-081C-4F86-B3E6-1D5E0A6DD3A3}"
EndProject
Global
	GlobalSection(SolutionConfigurationPlatforms) = preSolution
		Debug|Any CPU = Debug|Any CPU
		Release|Any CPU = Release|Any CPU
	EndGlobalSection
	GlobalSection(ProjectConfigurationPlatforms) = postSolution
		{20611A25-081C-4F86-B3E6-1D5E0A6DD3A3}.Debug|Any CPU.ActiveCfg = Debug|Any CPU
		{20611A25-081C-4F86-B3E6-1D5E0A6DD3A3}.Debug|Any CPU.Build.0 = Debug|Any CPU
		{20611A25-081C-4F86-B3E6-1D5E0A6DD3A3}.Debug|Any CPU.Deploy.0 = Debug|Any CPU
		{20611A25-081C-4F86-B3E6-1D5E0A6DD3A3}.Release|Any CPU.ActiveCfg = Release|Any CPU
		{20611A25-081C-4F86-B3E6-1D5E0A6DD3A3}.Release|Any CPU.Build.0 = Release|Any CPU
		{20611A25-081C-4F86-B3E6-1D5E0A6DD3A3}.Release|Any CPU.Deploy.0 = Release|Any CPU
	EndGlobalSection
	GlobalSection(SolutionProperties) = preSolution
		HideSolutionNode = FALSE
	EndGlobalSection
	GlobalSection(ExtensibilityGlobals) = postSolution
		SolutionGuid = {F808581C-1402-4179-A532-F34A250B840C}
	EndGlobalSection
EndGlobal
